
Microsoft Visual Studio Solution File, Format Version 12.00
# Visual Studio Version 17
VisualStudioVersion = 17.8.34330.188
MinimumVisualStudioVersion = 10.0.40219.1
Project("{FAE04EC0-301F-11D3-BF4B-00C04F79EFBC}") = "The HackerRank Interview Preparation Kit", "The HackerRank Interview Preparation Kit\The HackerRank Interview Preparation Kit.csproj", "{4A3E8437-358E-48A3-8156-132C64FC2E73}"
EndProject
Global
	GlobalSection(SolutionConfigurationPlatforms) = preSolution
		Debug|Any CPU = Debug|Any CPU
		Release|Any CPU = Release|Any CPU
	EndGlobalSection
	GlobalSection(ProjectConfigurationPlatforms) = postSolution
		{4A3E8437-358E-48A3-8156-132C64FC2E73}.Debug|Any CPU.ActiveCfg = Debug|Any CPU
		{4A3E8437-358E-48A3-8156-132C64FC2E73}.Debug|Any CPU.Build.0 = Debug|Any CPU
		{4A3E8437-358E-48A3-8156-132C64FC2E73}.Release|Any CPU.ActiveCfg = Release|Any CPU
		{4A3E8437-358E-48A3-8156-132C64FC2E73}.Release|Any CPU.Build.0 = Release|Any CPU
	EndGlobalSection
	GlobalSection(SolutionProperties) = preSolution
		HideSolutionNode = FALSE
	EndGlobalSection
	GlobalSection(ExtensibilityGlobals) = postSolution
		SolutionGuid = {544F7699-AB94-4E56-B258-02DEBFFD1D8C}
	EndGlobalSection
EndGlobal
